
Microsoft Visual Studio Solution File, Format Version 12.00
# Visual Studio Version 17
VisualStudioVersion = 17.9.34714.143
MinimumVisualStudioVersion = 10.0.40219.1
Project("{FAE04EC0-301F-11D3-BF4B-00C04F79EFBC}") = "BlokScript.Common", "BlokScript.Common\BlokScript.Common.csproj", "{7C5850C3-3A4A-4969-AA02-F9FE0D5D78CD}"
EndProject
Project("{FAE04EC0-301F-11D3-BF4B-00C04F79EFBC}") = "BlokScript.BlokScriptApp", "BlokScript.BlokScriptApp\BlokScript.BlokScriptApp.csproj", "{A50DD659-B8D5-4624-B61D-CCFE04F12DBA}"
EndProject
Project("{FAE04EC0-301F-11D3-BF4B-00C04F79EFBC}") = "BlokScript.Parser", "BlokScript.Parser\BlokScript.Parser.csproj", "{F1806724-A813-4A9A-A02A-06CFAE302081}"
EndProject
Project("{FAE04EC0-301F-11D3-BF4B-00C04F79EFBC}") = "BlokScript.Entities", "BlokScript.Entities\BlokScript.Entities.csproj", "{E9917B89-2D68-4C1C-AF9F-9762B025C9B8}"
EndProject
Project("{FAE04EC0-301F-11D3-BF4B-00C04F79EFBC}") = "BlokScript.WebClients", "BlokScript.WebClients\BlokScript.WebClients.csproj", "{959D0DD1-42A8-4F00-87E6-8CDF6C622D4A}"
EndProject
Project("{FAE04EC0-301F-11D3-BF4B-00C04F79EFBC}") = "BlokScript.IO", "BlokScript.IO\BlokScript.IO.csproj", "{40F797F0-8FD7-4711-988C-3082BFF2A4C1}"
EndProject
Project("{FAE04EC0-301F-11D3-BF4B-00C04F79EFBC}") = "BlokScript.Utils", "BlokScript.Utils\BlokScript.Utils.csproj", "{D635F676-361D-4275-A0BD-C0E04871B67B}"
EndProject
Project("{FAE04EC0-301F-11D3-BF4B-00C04F79EFBC}") = "BlokScript.Formatters", "BlokScript.Formatters\BlokScript.Formatters.csproj", "{6F6AF799-69E7-40BE-8001-486C6A9F7E87}"
EndProject
Project("{FAE04EC0-301F-11D3-BF4B-00C04F79EFBC}") = "BlokScript.Parsers", "BlokScript.Parsers\BlokScript.Parsers.csproj", "{E22AD08D-2782-4A9C-BAB0-214E16C56D2B}"
EndProject
Project("{FAE04EC0-301F-11D3-BF4B-00C04F79EFBC}") = "BlokScript.Caches", "BlokScript.Caches\BlokScript.Caches.csproj", "{8E2DE315-692C-4B58-B984-31A4BD411203}"
EndProject
Project("{FAE04EC0-301F-11D3-BF4B-00C04F79EFBC}") = "BlokScript.PathFactories", "BlokScript.PathFactories\BlokScript.PathFactories.csproj", "{A4F0937D-F08C-4CED-AC66-3A274C686E56}"
EndProject
Project("{FAE04EC0-301F-11D3-BF4B-00C04F79EFBC}") = "BlokScript.ResponseReaders", "BlokScript.ResponseReaders\BlokScript.ResponseReaders.csproj", "{8F58EF22-1265-4CC9-99F1-6E3DA6752AA1}"
EndProject
Project("{FAE04EC0-301F-11D3-BF4B-00C04F79EFBC}") = "BlokScript.Comparators", "BlokScript.Comparators\BlokScript.Comparators.csproj", "{9BBB0348-821D-4949-831B-BF3A11FEA63B}"
EndProject
Project("{FAE04EC0-301F-11D3-BF4B-00C04F79EFBC}") = "BlokScript.Models", "BlokScript.Models\BlokScript.Models.csproj", "{49B90E66-32D4-4844-A6DC-4AA4D1004A3D}"
EndProject
Project("{FAE04EC0-301F-11D3-BF4B-00C04F79EFBC}") = "BlokScript.FileReaders", "BlokScript.FileReaders\BlokScript.FileReaders.csproj", "{A9677B8D-E381-42E7-8B51-6ED7D1D1AF50}"
EndProject
Project("{FAE04EC0-301F-11D3-BF4B-00C04F79EFBC}") = "BlokScript.Filters", "BlokScript.Filters\BlokScript.Filters.csproj", "{6698C718-9080-4B48-8A1B-E6E4CFD17CE9}"
EndProject
Project("{FAE04EC0-301F-11D3-BF4B-00C04F79EFBC}") = "Antlr4.Runtime", "Antlr4.Runtime\Antlr4.Runtime.csproj", "{37FC0F57-49DC-44CF-9825-4CC367323802}"
EndProject
Project("{FAE04EC0-301F-11D3-BF4B-00C04F79EFBC}") = "BlokScript.RequestModels", "BlokScript.RequestModels\BlokScript.RequestModels.csproj", "{541DC673-AF7A-435A-99A5-A3ECF77DD91A}"
EndProject
Project("{FAE04EC0-301F-11D3-BF4B-00C04F79EFBC}") = "BlokScript.StoryblokModels", "BlokScript.StoryblokModels\BlokScript.StoryblokModels.csproj", "{78580201-C4E7-4183-B3FE-A2D0ED0DAA23}"
EndProject
Project("{FAE04EC0-301F-11D3-BF4B-00C04F79EFBC}") = "BlokScript.Serializers", "BlokScript.Serializers\BlokScript.Serializers.csproj", "{6C62CE13-65F6-4ED0-B381-1C65D03539FC}"
EndProject
Project("{FAE04EC0-301F-11D3-BF4B-00C04F79EFBC}") = "BlokScript.FileWriters", "BlokScript.FileWriters\BlokScript.FileWriters.csproj", "{09FCD249-B41B-4865-B52E-1F314C96019D}"
EndProject
Project("{FAE04EC0-301F-11D3-BF4B-00C04F79EFBC}") = "BlokScript.EntityDataFactories", "BlokScript.EntityDataFactories\BlokScript.EntityDataFactories.csproj", "{2671D2BC-D3C2-454E-8B1E-52DEE4E8FD50}"
EndProject
Global
	GlobalSection(SolutionConfigurationPlatforms) = preSolution
		Debug|Any CPU = Debug|Any CPU
		Debug|x64 = Debug|x64
		Debug|x86 = Debug|x86
		Release|Any CPU = Release|Any CPU
		Release|x64 = Release|x64
		Release|x86 = Release|x86
	EndGlobalSection
	GlobalSection(ProjectConfigurationPlatforms) = postSolution
		{7C5850C3-3A4A-4969-AA02-F9FE0D5D78CD}.Debug|Any CPU.ActiveCfg = Debug|Any CPU
		{7C5850C3-3A4A-4969-AA02-F9FE0D5D78CD}.Debug|Any CPU.Build.0 = Debug|Any CPU
		{7C5850C3-3A4A-4969-AA02-F9FE0D5D78CD}.Debug|x64.ActiveCfg = Debug|Any CPU
		{7C5850C3-3A4A-4969-AA02-F9FE0D5D78CD}.Debug|x64.Build.0 = Debug|Any CPU
		{7C5850C3-3A4A-4969-AA02-F9FE0D5D78CD}.Debug|x86.ActiveCfg = Debug|Any CPU
		{7C5850C3-3A4A-4969-AA02-F9FE0D5D78CD}.Debug|x86.Build.0 = Debug|Any CPU
		{7C5850C3-3A4A-4969-AA02-F9FE0D5D78CD}.Release|Any CPU.ActiveCfg = Release|Any CPU
		{7C5850C3-3A4A-4969-AA02-F9FE0D5D78CD}.Release|Any CPU.Build.0 = Release|Any CPU
		{7C5850C3-3A4A-4969-AA02-F9FE0D5D78CD}.Release|x64.ActiveCfg = Release|Any CPU
		{7C5850C3-3A4A-4969-AA02-F9FE0D5D78CD}.Release|x64.Build.0 = Release|Any CPU
		{7C5850C3-3A4A-4969-AA02-F9FE0D5D78CD}.Release|x86.ActiveCfg = Release|Any CPU
		{7C5850C3-3A4A-4969-AA02-F9FE0D5D78CD}.Release|x86.Build.0 = Release|Any CPU
		{A50DD659-B8D5-4624-B61D-CCFE04F12DBA}.Debug|Any CPU.ActiveCfg = Debug|Any CPU
		{A50DD659-B8D5-4624-B61D-CCFE04F12DBA}.Debug|Any CPU.Build.0 = Debug|Any CPU
		{A50DD659-B8D5-4624-B61D-CCFE04F12DBA}.Debug|x64.ActiveCfg = Debug|x64
		{A50DD659-B8D5-4624-B61D-CCFE04F12DBA}.Debug|x64.Build.0 = Debug|x64
		{A50DD659-B8D5-4624-B61D-CCFE04F12DBA}.Debug|x86.ActiveCfg = Debug|x86
		{A50DD659-B8D5-4624-B61D-CCFE04F12DBA}.Debug|x86.Build.0 = Debug|x86
		{A50DD659-B8D5-4624-B61D-CCFE04F12DBA}.Release|Any CPU.ActiveCfg = Release|Any CPU
		{A50DD659-B8D5-4624-B61D-CCFE04F12DBA}.Release|Any CPU.Build.0 = Release|Any CPU
		{A50DD659-B8D5-4624-B61D-CCFE04F12DBA}.Release|x64.ActiveCfg = Release|x64
		{A50DD659-B8D5-4624-B61D-CCFE04F12DBA}.Release|x64.Build.0 = Release|x64
		{A50DD659-B8D5-4624-B61D-CCFE04F12DBA}.Release|x86.ActiveCfg = Release|x86
		{A50DD659-B8D5-4624-B61D-CCFE04F12DBA}.Release|x86.Build.0 = Release|x86
		{F1806724-A813-4A9A-A02A-06CFAE302081}.Debug|Any CPU.ActiveCfg = Debug|Any CPU
		{F1806724-A813-4A9A-A02A-06CFAE302081}.Debug|Any CPU.Build.0 = Debug|Any CPU
		{F1806724-A813-4A9A-A02A-06CFAE302081}.Debug|x64.ActiveCfg = Debug|Any CPU
		{F1806724-A813-4A9A-A02A-06CFAE302081}.Debug|x64.Build.0 = Debug|Any CPU
		{F1806724-A813-4A9A-A02A-06CFAE302081}.Debug|x86.ActiveCfg = Debug|Any CPU
		{F1806724-A813-4A9A-A02A-06CFAE302081}.Debug|x86.Build.0 = Debug|Any CPU
		{F1806724-A813-4A9A-A02A-06CFAE302081}.Release|Any CPU.ActiveCfg = Release|Any CPU
		{F1806724-A813-4A9A-A02A-06CFAE302081}.Release|Any CPU.Build.0 = Release|Any CPU
		{F1806724-A813-4A9A-A02A-06CFAE302081}.Release|x64.ActiveCfg = Release|Any CPU
		{F1806724-A813-4A9A-A02A-06CFAE302081}.Release|x64.Build.0 = Release|Any CPU
		{F1806724-A813-4A9A-A02A-06CFAE302081}.Release|x86.ActiveCfg = Release|Any CPU
		{F1806724-A813-4A9A-A02A-06CFAE302081}.Release|x86.Build.0 = Release|Any CPU
		{E9917B89-2D68-4C1C-AF9F-9762B025C9B8}.Debug|Any CPU.ActiveCfg = Debug|Any CPU
		{E9917B89-2D68-4C1C-AF9F-9762B025C9B8}.Debug|Any CPU.Build.0 = Debug|Any CPU
		{E9917B89-2D68-4C1C-AF9F-9762B025C9B8}.Debug|x64.ActiveCfg = Debug|Any CPU
		{E9917B89-2D68-4C1C-AF9F-9762B025C9B8}.Debug|x64.Build.0 = Debug|Any CPU
		{E9917B89-2D68-4C1C-AF9F-9762B025C9B8}.Debug|x86.ActiveCfg = Debug|Any CPU
		{E9917B89-2D68-4C1C-AF9F-9762B025C9B8}.Debug|x86.Build.0 = Debug|Any CPU
		{E9917B89-2D68-4C1C-AF9F-9762B025C9B8}.Release|Any CPU.ActiveCfg = Release|Any CPU
		{E9917B89-2D68-4C1C-AF9F-9762B025C9B8}.Release|Any CPU.Build.0 = Release|Any CPU
		{E9917B89-2D68-4C1C-AF9F-9762B025C9B8}.Release|x64.ActiveCfg = Release|Any CPU
		{E9917B89-2D68-4C1C-AF9F-9762B025C9B8}.Release|x64.Build.0 = Release|Any CPU
		{E9917B89-2D68-4C1C-AF9F-9762B025C9B8}.Release|x86.ActiveCfg = Release|Any CPU
		{E9917B89-2D68-4C1C-AF9F-9762B025C9B8}.Release|x86.Build.0 = Release|Any CPU
		{959D0DD1-42A8-4F00-87E6-8CDF6C622D4A}.Debug|Any CPU.ActiveCfg = Debug|Any CPU
		{959D0DD1-42A8-4F00-87E6-8CDF6C622D4A}.Debug|Any CPU.Build.0 = Debug|Any CPU
		{959D0DD1-42A8-4F00-87E6-8CDF6C622D4A}.Debug|x64.ActiveCfg = Debug|Any CPU
		{959D0DD1-42A8-4F00-87E6-8CDF6C622D4A}.Debug|x64.Build.0 = Debug|Any CPU
		{959D0DD1-42A8-4F00-87E6-8CDF6C622D4A}.Debug|x86.ActiveCfg = Debug|Any CPU
		{959D0DD1-42A8-4F00-87E6-8CDF6C622D4A}.Debug|x86.Build.0 = Debug|Any CPU
		{959D0DD1-42A8-4F00-87E6-8CDF6C622D4A}.Release|Any CPU.ActiveCfg = Release|Any CPU
		{959D0DD1-42A8-4F00-87E6-8CDF6C622D4A}.Release|Any CPU.Build.0 = Release|Any CPU
		{959D0DD1-42A8-4F00-87E6-8CDF6C622D4A}.Release|x64.ActiveCfg = Release|Any CPU
		{959D0DD1-42A8-4F00-87E6-8CDF6C622D4A}.Release|x64.Build.0 = Release|Any CPU
		{959D0DD1-42A8-4F00-87E6-8CDF6C622D4A}.Release|x86.ActiveCfg = Release|Any CPU
		{959D0DD1-42A8-4F00-87E6-8CDF6C622D4A}.Release|x86.Build.0 = Release|Any CPU
		{40F797F0-8FD7-4711-988C-3082BFF2A4C1}.Debug|Any CPU.ActiveCfg = Debug|Any CPU
		{40F797F0-8FD7-4711-988C-3082BFF2A4C1}.Debug|Any CPU.Build.0 = Debug|Any CPU
		{40F797F0-8FD7-4711-988C-3082BFF2A4C1}.Debug|x64.ActiveCfg = Debug|Any CPU
		{40F797F0-8FD7-4711-988C-3082BFF2A4C1}.Debug|x64.Build.0 = Debug|Any CPU
		{40F797F0-8FD7-4711-988C-3082BFF2A4C1}.Debug|x86.ActiveCfg = Debug|Any CPU
		{40F797F0-8FD7-4711-988C-3082BFF2A4C1}.Debug|x86.Build.0 = Debug|Any CPU
		{40F797F0-8FD7-4711-988C-3082BFF2A4C1}.Release|Any CPU.ActiveCfg = Release|Any CPU
		{40F797F0-8FD7-4711-988C-3082BFF2A4C1}.Release|Any CPU.Build.0 = Release|Any CPU
		{40F797F0-8FD7-4711-988C-3082BFF2A4C1}.Release|x64.ActiveCfg = Release|Any CPU
		{40F797F0-8FD7-4711-988C-3082BFF2A4C1}.Release|x64.Build.0 = Release|Any CPU
		{40F797F0-8FD7-4711-988C-3082BFF2A4C1}.Release|x86.ActiveCfg = Release|Any CPU
		{40F797F0-8FD7-4711-988C-3082BFF2A4C1}.Release|x86.Build.0 = Release|Any CPU
		{D635F676-361D-4275-A0BD-C0E04871B67B}.Debug|Any CPU.ActiveCfg = Debug|Any CPU
		{D635F676-361D-4275-A0BD-C0E04871B67B}.Debug|Any CPU.Build.0 = Debug|Any CPU
		{D635F676-361D-4275-A0BD-C0E04871B67B}.Debug|x64.ActiveCfg = Debug|Any CPU
		{D635F676-361D-4275-A0BD-C0E04871B67B}.Debug|x64.Build.0 = Debug|Any CPU
		{D635F676-361D-4275-A0BD-C0E04871B67B}.Debug|x86.ActiveCfg = Debug|Any CPU
		{D635F676-361D-4275-A0BD-C0E04871B67B}.Debug|x86.Build.0 = Debug|Any CPU
		{D635F676-361D-4275-A0BD-C0E04871B67B}.Release|Any CPU.ActiveCfg = Release|Any CPU
		{D635F676-361D-4275-A0BD-C0E04871B67B}.Release|Any CPU.Build.0 = Release|Any CPU
		{D635F676-361D-4275-A0BD-C0E04871B67B}.Release|x64.ActiveCfg = Release|Any CPU
		{D635F676-361D-4275-A0BD-C0E04871B67B}.Release|x64.Build.0 = Release|Any CPU
		{D635F676-361D-4275-A0BD-C0E04871B67B}.Release|x86.ActiveCfg = Release|Any CPU
		{D635F676-361D-4275-A0BD-C0E04871B67B}.Release|x86.Build.0 = Release|Any CPU
		{6F6AF799-69E7-40BE-8001-486C6A9F7E87}.Debug|Any CPU.ActiveCfg = Debug|Any CPU
		{6F6AF799-69E7-40BE-8001-486C6A9F7E87}.Debug|Any CPU.Build.0 = Debug|Any CPU
		{6F6AF799-69E7-40BE-8001-486C6A9F7E87}.Debug|x64.ActiveCfg = Debug|Any CPU
		{6F6AF799-69E7-40BE-8001-486C6A9F7E87}.Debug|x64.Build.0 = Debug|Any CPU
		{6F6AF799-69E7-40BE-8001-486C6A9F7E87}.Debug|x86.ActiveCfg = Debug|Any CPU
		{6F6AF799-69E7-40BE-8001-486C6A9F7E87}.Debug|x86.Build.0 = Debug|Any CPU
		{6F6AF799-69E7-40BE-8001-486C6A9F7E87}.Release|Any CPU.ActiveCfg = Release|Any CPU
		{6F6AF799-69E7-40BE-8001-486C6A9F7E87}.Release|Any CPU.Build.0 = Release|Any CPU
		{6F6AF799-69E7-40BE-8001-486C6A9F7E87}.Release|x64.ActiveCfg = Release|Any CPU
		{6F6AF799-69E7-40BE-8001-486C6A9F7E87}.Release|x64.Build.0 = Release|Any CPU
		{6F6AF799-69E7-40BE-8001-486C6A9F7E87}.Release|x86.ActiveCfg = Release|Any CPU
		{6F6AF799-69E7-40BE-8001-486C6A9F7E87}.Release|x86.Build.0 = Release|Any CPU
		{E22AD08D-2782-4A9C-BAB0-214E16C56D2B}.Debug|Any CPU.ActiveCfg = Debug|Any CPU
		{E22AD08D-2782-4A9C-BAB0-214E16C56D2B}.Debug|Any CPU.Build.0 = Debug|Any CPU
		{E22AD08D-2782-4A9C-BAB0-214E16C56D2B}.Debug|x64.ActiveCfg = Debug|Any CPU
		{E22AD08D-2782-4A9C-BAB0-214E16C56D2B}.Debug|x64.Build.0 = Debug|Any CPU
		{E22AD08D-2782-4A9C-BAB0-214E16C56D2B}.Debug|x86.ActiveCfg = Debug|Any CPU
		{E22AD08D-2782-4A9C-BAB0-214E16C56D2B}.Debug|x86.Build.0 = Debug|Any CPU
		{E22AD08D-2782-4A9C-BAB0-214E16C56D2B}.Release|Any CPU.ActiveCfg = Release|Any CPU
		{E22AD08D-2782-4A9C-BAB0-214E16C56D2B}.Release|Any CPU.Build.0 = Release|Any CPU
		{E22AD08D-2782-4A9C-BAB0-214E16C56D2B}.Release|x64.ActiveCfg = Release|Any CPU
		{E22AD08D-2782-4A9C-BAB0-214E16C56D2B}.Release|x64.Build.0 = Release|Any CPU
		{E22AD08D-2782-4A9C-BAB0-214E16C56D2B}.Release|x86.ActiveCfg = Release|Any CPU
		{E22AD08D-2782-4A9C-BAB0-214E16C56D2B}.Release|x86.Build.0 = Release|Any CPU
		{8E2DE315-692C-4B58-B984-31A4BD411203}.Debug|Any CPU.ActiveCfg = Debug|Any CPU
		{8E2DE315-692C-4B58-B984-31A4BD411203}.Debug|Any CPU.Build.0 = Debug|Any CPU
		{8E2DE315-692C-4B58-B984-31A4BD411203}.Debug|x64.ActiveCfg = Debug|Any CPU
		{8E2DE315-692C-4B58-B984-31A4BD411203}.Debug|x64.Build.0 = Debug|Any CPU
		{8E2DE315-692C-4B58-B984-31A4BD411203}.Debug|x86.ActiveCfg = Debug|Any CPU
		{8E2DE315-692C-4B58-B984-31A4BD411203}.Debug|x86.Build.0 = Debug|Any CPU
		{8E2DE315-692C-4B58-B984-31A4BD411203}.Release|Any CPU.ActiveCfg = Release|Any CPU
		{8E2DE315-692C-4B58-B984-31A4BD411203}.Release|Any CPU.Build.0 = Release|Any CPU
		{8E2DE315-692C-4B58-B984-31A4BD411203}.Release|x64.ActiveCfg = Release|Any CPU
		{8E2DE315-692C-4B58-B984-31A4BD411203}.Release|x64.Build.0 = Release|Any CPU
		{8E2DE315-692C-4B58-B984-31A4BD411203}.Release|x86.ActiveCfg = Release|Any CPU
		{8E2DE315-692C-4B58-B984-31A4BD411203}.Release|x86.Build.0 = Release|Any CPU
		{A4F0937D-F08C-4CED-AC66-3A274C686E56}.Debug|Any CPU.ActiveCfg = Debug|Any CPU
		{A4F0937D-F08C-4CED-AC66-3A274C686E56}.Debug|Any CPU.Build.0 = Debug|Any CPU
		{A4F0937D-F08C-4CED-AC66-3A274C686E56}.Debug|x64.ActiveCfg = Debug|Any CPU
		{A4F0937D-F08C-4CED-AC66-3A274C686E56}.Debug|x64.Build.0 = Debug|Any CPU
		{A4F0937D-F08C-4CED-AC66-3A274C686E56}.Debug|x86.ActiveCfg = Debug|Any CPU
		{A4F0937D-F08C-4CED-AC66-3A274C686E56}.Debug|x86.Build.0 = Debug|Any CPU
		{A4F0937D-F08C-4CED-AC66-3A274C686E56}.Release|Any CPU.ActiveCfg = Release|Any CPU
		{A4F0937D-F08C-4CED-AC66-3A274C686E56}.Release|Any CPU.Build.0 = Release|Any CPU
		{A4F0937D-F08C-4CED-AC66-3A274C686E56}.Release|x64.ActiveCfg = Release|Any CPU
		{A4F0937D-F08C-4CED-AC66-3A274C686E56}.Release|x64.Build.0 = Release|Any CPU
		{A4F0937D-F08C-4CED-AC66-3A274C686E56}.Release|x86.ActiveCfg = Release|Any CPU
		{A4F0937D-F08C-4CED-AC66-3A274C686E56}.Release|x86.Build.0 = Release|Any CPU
		{8F58EF22-1265-4CC9-99F1-6E3DA6752AA1}.Debug|Any CPU.ActiveCfg = Debug|Any CPU
		{8F58EF22-1265-4CC9-99F1-6E3DA6752AA1}.Debug|Any CPU.Build.0 = Debug|Any CPU
		{8F58EF22-1265-4CC9-99F1-6E3DA6752AA1}.Debug|x64.ActiveCfg = Debug|Any CPU
		{8F58EF22-1265-4CC9-99F1-6E3DA6752AA1}.Debug|x64.Build.0 = Debug|Any CPU
		{8F58EF22-1265-4CC9-99F1-6E3DA6752AA1}.Debug|x86.ActiveCfg = Debug|Any CPU
		{8F58EF22-1265-4CC9-99F1-6E3DA6752AA1}.Debug|x86.Build.0 = Debug|Any CPU
		{8F58EF22-1265-4CC9-99F1-6E3DA6752AA1}.Release|Any CPU.ActiveCfg = Release|Any CPU
		{8F58EF22-1265-4CC9-99F1-6E3DA6752AA1}.Release|Any CPU.Build.0 = Release|Any CPU
		{8F58EF22-1265-4CC9-99F1-6E3DA6752AA1}.Release|x64.ActiveCfg = Release|Any CPU
		{8F58EF22-1265-4CC9-99F1-6E3DA6752AA1}.Release|x64.Build.0 = Release|Any CPU
		{8F58EF22-1265-4CC9-99F1-6E3DA6752AA1}.Release|x86.ActiveCfg = Release|Any CPU
		{8F58EF22-1265-4CC9-99F1-6E3DA6752AA1}.Release|x86.Build.0 = Release|Any CPU
		{9BBB0348-821D-4949-831B-BF3A11FEA63B}.Debug|Any CPU.ActiveCfg = Debug|Any CPU
		{9BBB0348-821D-4949-831B-BF3A11FEA63B}.Debug|Any CPU.Build.0 = Debug|Any CPU
		{9BBB0348-821D-4949-831B-BF3A11FEA63B}.Debug|x64.ActiveCfg = Debug|Any CPU
		{9BBB0348-821D-4949-831B-BF3A11FEA63B}.Debug|x64.Build.0 = Debug|Any CPU
		{9BBB0348-821D-4949-831B-BF3A11FEA63B}.Debug|x86.ActiveCfg = Debug|Any CPU
		{9BBB0348-821D-4949-831B-BF3A11FEA63B}.Debug|x86.Build.0 = Debug|Any CPU
		{9BBB0348-821D-4949-831B-BF3A11FEA63B}.Release|Any CPU.ActiveCfg = Release|Any CPU
		{9BBB0348-821D-4949-831B-BF3A11FEA63B}.Release|Any CPU.Build.0 = Release|Any CPU
		{9BBB0348-821D-4949-831B-BF3A11FEA63B}.Release|x64.ActiveCfg = Release|Any CPU
		{9BBB0348-821D-4949-831B-BF3A11FEA63B}.Release|x64.Build.0 = Release|Any CPU
		{9BBB0348-821D-4949-831B-BF3A11FEA63B}.Release|x86.ActiveCfg = Release|Any CPU
		{9BBB0348-821D-4949-831B-BF3A11FEA63B}.Release|x86.Build.0 = Release|Any CPU
		{49B90E66-32D4-4844-A6DC-4AA4D1004A3D}.Debug|Any CPU.ActiveCfg = Debug|Any CPU
		{49B90E66-32D4-4844-A6DC-4AA4D1004A3D}.Debug|Any CPU.Build.0 = Debug|Any CPU
		{49B90E66-32D4-4844-A6DC-4AA4D1004A3D}.Debug|x64.ActiveCfg = Debug|Any CPU
		{49B90E66-32D4-4844-A6DC-4AA4D1004A3D}.Debug|x64.Build.0 = Debug|Any CPU
		{49B90E66-32D4-4844-A6DC-4AA4D1004A3D}.Debug|x86.ActiveCfg = Debug|Any CPU
		{49B90E66-32D4-4844-A6DC-4AA4D1004A3D}.Debug|x86.Build.0 = Debug|Any CPU
		{49B90E66-32D4-4844-A6DC-4AA4D1004A3D}.Release|Any CPU.ActiveCfg = Release|Any CPU
		{49B90E66-32D4-4844-A6DC-4AA4D1004A3D}.Release|Any CPU.Build.0 = Release|Any CPU
		{49B90E66-32D4-4844-A6DC-4AA4D1004A3D}.Release|x64.ActiveCfg = Release|Any CPU
		{49B90E66-32D4-4844-A6DC-4AA4D1004A3D}.Release|x64.Build.0 = Release|Any CPU
		{49B90E66-32D4-4844-A6DC-4AA4D1004A3D}.Release|x86.ActiveCfg = Release|Any CPU
		{49B90E66-32D4-4844-A6DC-4AA4D1004A3D}.Release|x86.Build.0 = Release|Any CPU
		{A9677B8D-E381-42E7-8B51-6ED7D1D1AF50}.Debug|Any CPU.ActiveCfg = Debug|Any CPU
		{A9677B8D-E381-42E7-8B51-6ED7D1D1AF50}.Debug|Any CPU.Build.0 = Debug|Any CPU
		{A9677B8D-E381-42E7-8B51-6ED7D1D1AF50}.Debug|x64.ActiveCfg = Debug|Any CPU
		{A9677B8D-E381-42E7-8B51-6ED7D1D1AF50}.Debug|x64.Build.0 = Debug|Any CPU
		{A9677B8D-E381-42E7-8B51-6ED7D1D1AF50}.Debug|x86.ActiveCfg = Debug|Any CPU
		{A9677B8D-E381-42E7-8B51-6ED7D1D1AF50}.Debug|x86.Build.0 = Debug|Any CPU
		{A9677B8D-E381-42E7-8B51-6ED7D1D1AF50}.Release|Any CPU.ActiveCfg = Release|Any CPU
		{A9677B8D-E381-42E7-8B51-6ED7D1D1AF50}.Release|Any CPU.Build.0 = Release|Any CPU
		{A9677B8D-E381-42E7-8B51-6ED7D1D1AF50}.Release|x64.ActiveCfg = Release|Any CPU
		{A9677B8D-E381-42E7-8B51-6ED7D1D1AF50}.Release|x64.Build.0 = Release|Any CPU
		{A9677B8D-E381-42E7-8B51-6ED7D1D1AF50}.Release|x86.ActiveCfg = Release|Any CPU
		{A9677B8D-E381-42E7-8B51-6ED7D1D1AF50}.Release|x86.Build.0 = Release|Any CPU
		{6698C718-9080-4B48-8A1B-E6E4CFD17CE9}.Debug|Any CPU.ActiveCfg = Debug|Any CPU
		{6698C718-9080-4B48-8A1B-E6E4CFD17CE9}.Debug|Any CPU.Build.0 = Debug|Any CPU
		{6698C718-9080-4B48-8A1B-E6E4CFD17CE9}.Debug|x64.ActiveCfg = Debug|Any CPU
		{6698C718-9080-4B48-8A1B-E6E4CFD17CE9}.Debug|x64.Build.0 = Debug|Any CPU
		{6698C718-9080-4B48-8A1B-E6E4CFD17CE9}.Debug|x86.ActiveCfg = Debug|Any CPU
		{6698C718-9080-4B48-8A1B-E6E4CFD17CE9}.Debug|x86.Build.0 = Debug|Any CPU
		{6698C718-9080-4B48-8A1B-E6E4CFD17CE9}.Release|Any CPU.ActiveCfg = Release|Any CPU
		{6698C718-9080-4B48-8A1B-E6E4CFD17CE9}.Release|Any CPU.Build.0 = Release|Any CPU
		{6698C718-9080-4B48-8A1B-E6E4CFD17CE9}.Release|x64.ActiveCfg = Release|Any CPU
		{6698C718-9080-4B48-8A1B-E6E4CFD17CE9}.Release|x64.Build.0 = Release|Any CPU
		{6698C718-9080-4B48-8A1B-E6E4CFD17CE9}.Release|x86.ActiveCfg = Release|Any CPU
		{6698C718-9080-4B48-8A1B-E6E4CFD17CE9}.Release|x86.Build.0 = Release|Any CPU
		{37FC0F57-49DC-44CF-9825-4CC367323802}.Debug|Any CPU.ActiveCfg = Debug|Any CPU
		{37FC0F57-49DC-44CF-9825-4CC367323802}.Debug|Any CPU.Build.0 = Debug|Any CPU
		{37FC0F57-49DC-44CF-9825-4CC367323802}.Debug|x64.ActiveCfg = Debug|Any CPU
		{37FC0F57-49DC-44CF-9825-4CC367323802}.Debug|x64.Build.0 = Debug|Any CPU
		{37FC0F57-49DC-44CF-9825-4CC367323802}.Debug|x86.ActiveCfg = Debug|Any CPU
		{37FC0F57-49DC-44CF-9825-4CC367323802}.Debug|x86.Build.0 = Debug|Any CPU
		{37FC0F57-49DC-44CF-9825-4CC367323802}.Release|Any CPU.ActiveCfg = Release|Any CPU
		{37FC0F57-49DC-44CF-9825-4CC367323802}.Release|Any CPU.Build.0 = Release|Any CPU
		{37FC0F57-49DC-44CF-9825-4CC367323802}.Release|x64.ActiveCfg = Release|Any CPU
		{37FC0F57-49DC-44CF-9825-4CC367323802}.Release|x64.Build.0 = Release|Any CPU
		{37FC0F57-49DC-44CF-9825-4CC367323802}.Release|x86.ActiveCfg = Release|Any CPU
		{37FC0F57-49DC-44CF-9825-4CC367323802}.Release|x86.Build.0 = Release|Any CPU
		{541DC673-AF7A-435A-99A5-A3ECF77DD91A}.Debug|Any CPU.ActiveCfg = Debug|Any CPU
		{541DC673-AF7A-435A-99A5-A3ECF77DD91A}.Debug|Any CPU.Build.0 = Debug|Any CPU
		{541DC673-AF7A-435A-99A5-A3ECF77DD91A}.Debug|x64.ActiveCfg = Debug|Any CPU
		{541DC673-AF7A-435A-99A5-A3ECF77DD91A}.Debug|x64.Build.0 = Debug|Any CPU
		{541DC673-AF7A-435A-99A5-A3ECF77DD91A}.Debug|x86.ActiveCfg = Debug|Any CPU
		{541DC673-AF7A-435A-99A5-A3ECF77DD91A}.Debug|x86.Build.0 = Debug|Any CPU
		{541DC673-AF7A-435A-99A5-A3ECF77DD91A}.Release|Any CPU.ActiveCfg = Release|Any CPU
		{541DC673-AF7A-435A-99A5-A3ECF77DD91A}.Release|Any CPU.Build.0 = Release|Any CPU
		{541DC673-AF7A-435A-99A5-A3ECF77DD91A}.Release|x64.ActiveCfg = Release|Any CPU
		{541DC673-AF7A-435A-99A5-A3ECF77DD91A}.Release|x64.Build.0 = Release|Any CPU
		{541DC673-AF7A-435A-99A5-A3ECF77DD91A}.Release|x86.ActiveCfg = Release|Any CPU
		{541DC673-AF7A-435A-99A5-A3ECF77DD91A}.Release|x86.Build.0 = Release|Any CPU
		{78580201-C4E7-4183-B3FE-A2D0ED0DAA23}.Debug|Any CPU.ActiveCfg = Debug|Any CPU
		{78580201-C4E7-4183-B3FE-A2D0ED0DAA23}.Debug|Any CPU.Build.0 = Debug|Any CPU
		{78580201-C4E7-4183-B3FE-A2D0ED0DAA23}.Debug|x64.ActiveCfg = Debug|Any CPU
		{78580201-C4E7-4183-B3FE-A2D0ED0DAA23}.Debug|x64.Build.0 = Debug|Any CPU
		{78580201-C4E7-4183-B3FE-A2D0ED0DAA23}.Debug|x86.ActiveCfg = Debug|Any CPU
		{78580201-C4E7-4183-B3FE-A2D0ED0DAA23}.Debug|x86.Build.0 = Debug|Any CPU
		{78580201-C4E7-4183-B3FE-A2D0ED0DAA23}.Release|Any CPU.ActiveCfg = Release|Any CPU
		{78580201-C4E7-4183-B3FE-A2D0ED0DAA23}.Release|Any CPU.Build.0 = Release|Any CPU
		{78580201-C4E7-4183-B3FE-A2D0ED0DAA23}.Release|x64.ActiveCfg = Release|Any CPU
		{78580201-C4E7-4183-B3FE-A2D0ED0DAA23}.Release|x64.Build.0 = Release|Any CPU
		{78580201-C4E7-4183-B3FE-A2D0ED0DAA23}.Release|x86.ActiveCfg = Release|Any CPU
		{78580201-C4E7-4183-B3FE-A2D0ED0DAA23}.Release|x86.Build.0 = Release|Any CPU
		{6C62CE13-65F6-4ED0-B381-1C65D03539FC}.Debug|Any CPU.ActiveCfg = Debug|Any CPU
		{6C62CE13-65F6-4ED0-B381-1C65D03539FC}.Debug|Any CPU.Build.0 = Debug|Any CPU
		{6C62CE13-65F6-4ED0-B381-1C65D03539FC}.Debug|x64.ActiveCfg = Debug|Any CPU
		{6C62CE13-65F6-4ED0-B381-1C65D03539FC}.Debug|x64.Build.0 = Debug|Any CPU
		{6C62CE13-65F6-4ED0-B381-1C65D03539FC}.Debug|x86.ActiveCfg = Debug|Any CPU
		{6C62CE13-65F6-4ED0-B381-1C65D03539FC}.Debug|x86.Build.0 = Debug|Any CPU
		{6C62CE13-65F6-4ED0-B381-1C65D03539FC}.Release|Any CPU.ActiveCfg = Release|Any CPU
		{6C62CE13-65F6-4ED0-B381-1C65D03539FC}.Release|Any CPU.Build.0 = Release|Any CPU
		{6C62CE13-65F6-4ED0-B381-1C65D03539FC}.Release|x64.ActiveCfg = Release|Any CPU
		{6C62CE13-65F6-4ED0-B381-1C65D03539FC}.Release|x64.Build.0 = Release|Any CPU
		{6C62CE13-65F6-4ED0-B381-1C65D03539FC}.Release|x86.ActiveCfg = Release|Any CPU
		{6C62CE13-65F6-4ED0-B381-1C65D03539FC}.Release|x86.Build.0 = Release|Any CPU
		{09FCD249-B41B-4865-B52E-1F314C96019D}.Debug|Any CPU.ActiveCfg = Debug|Any CPU
		{09FCD249-B41B-4865-B52E-1F314C96019D}.Debug|Any CPU.Build.0 = Debug|Any CPU
		{09FCD249-B41B-4865-B52E-1F314C96019D}.Debug|x64.ActiveCfg = Debug|Any CPU
		{09FCD249-B41B-4865-B52E-1F314C96019D}.Debug|x64.Build.0 = Debug|Any CPU
		{09FCD249-B41B-4865-B52E-1F314C96019D}.Debug|x86.ActiveCfg = Debug|Any CPU
		{09FCD249-B41B-4865-B52E-1F314C96019D}.Debug|x86.Build.0 = Debug|Any CPU
		{09FCD249-B41B-4865-B52E-1F314C96019D}.Release|Any CPU.ActiveCfg = Release|Any CPU
		{09FCD249-B41B-4865-B52E-1F314C96019D}.Release|Any CPU.Build.0 = Release|Any CPU
		{09FCD249-B41B-4865-B52E-1F314C96019D}.Release|x64.ActiveCfg = Release|Any CPU
		{09FCD249-B41B-4865-B52E-1F314C96019D}.Release|x64.Build.0 = Release|Any CPU
		{09FCD249-B41B-4865-B52E-1F314C96019D}.Release|x86.ActiveCfg = Release|Any CPU
		{09FCD249-B41B-4865-B52E-1F314C96019D}.Release|x86.Build.0 = Release|Any CPU
		{2671D2BC-D3C2-454E-8B1E-52DEE4E8FD50}.Debug|Any CPU.ActiveCfg = Debug|Any CPU
		{2671D2BC-D3C2-454E-8B1E-52DEE4E8FD50}.Debug|Any CPU.Build.0 = Debug|Any CPU
		{2671D2BC-D3C2-454E-8B1E-52DEE4E8FD50}.Debug|x64.ActiveCfg = Debug|Any CPU
		{2671D2BC-D3C2-454E-8B1E-52DEE4E8FD50}.Debug|x64.Build.0 = Debug|Any CPU
		{2671D2BC-D3C2-454E-8B1E-52DEE4E8FD50}.Debug|x86.ActiveCfg = Debug|Any CPU
		{2671D2BC-D3C2-454E-8B1E-52DEE4E8FD50}.Debug|x86.Build.0 = Debug|Any CPU
		{2671D2BC-D3C2-454E-8B1E-52DEE4E8FD50}.Release|Any CPU.ActiveCfg = Release|Any CPU
		{2671D2BC-D3C2-454E-8B1E-52DEE4E8FD50}.Release|Any CPU.Build.0 = Release|Any CPU
		{2671D2BC-D3C2-454E-8B1E-52DEE4E8FD50}.Release|x64.ActiveCfg = Release|Any CPU
		{2671D2BC-D3C2-454E-8B1E-52DEE4E8FD50}.Release|x64.Build.0 = Release|Any CPU
		{2671D2BC-D3C2-454E-8B1E-52DEE4E8FD50}.Release|x86.ActiveCfg = Release|Any CPU
		{2671D2BC-D3C2-454E-8B1E-52DEE4E8FD50}.Release|x86.Build.0 = Release|Any CPU
	EndGlobalSection
	GlobalSection(SolutionProperties) = preSolution
		HideSolutionNode = FALSE
	EndGlobalSection
	GlobalSection(ExtensibilityGlobals) = postSolution
		SolutionGuid = {30CF1A46-3D19-4701-BD26-4028587A37ED}
	EndGlobalSection
EndGlobal
